// !$*UTF8*$!
{
	archiveVersion = 1;
	classes = {
	};
	objectVersion = 46;
	objects = {

/* Begin PBXBuildFile section */
		AC6B5DB31F98559D00545DDD /* Window_Shop_StalkerTests.swift in Sources */ = {isa = PBXBuildFile; fileRef = AC6B5DB21F98559D00545DDD /* Window_Shop_StalkerTests.swift */; };
		AC6B5DBC1F9855D900545DDD /* wage.swift in Sources */ = {isa = PBXBuildFile; fileRef = AC6B5DBB1F9855D900545DDD /* wage.swift */; };
		AC6B5DBE1F9857B300545DDD /* wage.swift in Sources */ = {isa = PBXBuildFile; fileRef = AC6B5DBB1F9855D900545DDD /* wage.swift */; };
		AC9872581F97F0EB005DD35E /* CurrencyTxtField.swift in Sources */ = {isa = PBXBuildFile; fileRef = AC9872571F97F0EB005DD35E /* CurrencyTxtField.swift */; };
		ACB8EFBE1F97187000A53733 /* AppDelegate.swift in Sources */ = {isa = PBXBuildFile; fileRef = ACB8EFBD1F97187000A53733 /* AppDelegate.swift */; };
		ACB8EFC01F97187000A53733 /* ViewController.swift in Sources */ = {isa = PBXBuildFile; fileRef = ACB8EFBF1F97187000A53733 /* ViewController.swift */; };
		ACB8EFC31F97187000A53733 /* Main.storyboard in Resources */ = {isa = PBXBuildFile; fileRef = ACB8EFC11F97187000A53733 /* Main.storyboard */; };
		ACB8EFC51F97187000A53733 /* Assets.xcassets in Resources */ = {isa = PBXBuildFile; fileRef = ACB8EFC41F97187000A53733 /* Assets.xcassets */; };
		ACB8EFC81F97187000A53733 /* LaunchScreen.storyboard in Resources */ = {isa = PBXBuildFile; fileRef = ACB8EFC61F97187000A53733 /* LaunchScreen.storyboard */; };
/* End PBXBuildFile section */

/* Begin PBXContainerItemProxy section */
		AC6B5DB51F98559E00545DDD /* PBXContainerItemProxy */ = {
			isa = PBXContainerItemProxy;
			containerPortal = ACB8EFB21F97187000A53733 /* Project object */;
			proxyType = 1;
			remoteGlobalIDString = ACB8EFB91F97187000A53733;
			remoteInfo = "Window-Shop-Stalker";
		};
/* End PBXContainerItemProxy section */

/* Begin PBXCopyFilesBuildPhase section */
		AC6B5DAB1F9854BE00545DDD /* Embed App Extensions */ = {
			isa = PBXCopyFilesBuildPhase;
			buildActionMask = 2147483647;
			dstPath = "";
			dstSubfolderSpec = 13;
			files = (
			);
			name = "Embed App Extensions";
			runOnlyForDeploymentPostprocessing = 0;
		};
/* End PBXCopyFilesBuildPhase section */

/* Begin PBXFileReference section */
		AC6B5DB01F98559C00545DDD /* Window-Shop-StalkerTests.xctest */ = {isa = PBXFileReference; explicitFileType = wrapper.cfbundle; includeInIndex = 0; path = "Window-Shop-StalkerTests.xctest"; sourceTree = BUILT_PRODUCTS_DIR; };
		AC6B5DB21F98559D00545DDD /* Window_Shop_StalkerTests.swift */ = {isa = PBXFileReference; lastKnownFileType = sourcecode.swift; path = Window_Shop_StalkerTests.swift; sourceTree = "<group>"; };
		AC6B5DB41F98559E00545DDD /* Info.plist */ = {isa = PBXFileReference; lastKnownFileType = text.plist.xml; path = Info.plist; sourceTree = "<group>"; };
		AC6B5DBB1F9855D900545DDD /* wage.swift */ = {isa = PBXFileReference; lastKnownFileType = sourcecode.swift; path = wage.swift; sourceTree = "<group>"; };
		AC9872571F97F0EB005DD35E /* CurrencyTxtField.swift */ = {isa = PBXFileReference; lastKnownFileType = sourcecode.swift; path = CurrencyTxtField.swift; sourceTree = "<group>"; };
		ACB8EFBA1F97187000A53733 /* Window-Shop-Stalker.app */ = {isa = PBXFileReference; explicitFileType = wrapper.application; includeInIndex = 0; path = "Window-Shop-Stalker.app"; sourceTree = BUILT_PRODUCTS_DIR; };
		ACB8EFBD1F97187000A53733 /* AppDelegate.swift */ = {isa = PBXFileReference; lastKnownFileType = sourcecode.swift; path = AppDelegate.swift; sourceTree = "<group>"; };
		ACB8EFBF1F97187000A53733 /* ViewController.swift */ = {isa = PBXFileReference; lastKnownFileType = sourcecode.swift; path = ViewController.swift; sourceTree = "<group>"; };
		ACB8EFC21F97187000A53733 /* Base */ = {isa = PBXFileReference; lastKnownFileType = file.storyboard; name = Base; path = Base.lproj/Main.storyboard; sourceTree = "<group>"; };
		ACB8EFC41F97187000A53733 /* Assets.xcassets */ = {isa = PBXFileReference; lastKnownFileType = folder.assetcatalog; path = Assets.xcassets; sourceTree = "<group>"; };
		ACB8EFC71F97187000A53733 /* Base */ = {isa = PBXFileReference; lastKnownFileType = file.storyboard; name = Base; path = Base.lproj/LaunchScreen.storyboard; sourceTree = "<group>"; };
		ACB8EFC91F97187000A53733 /* Info.plist */ = {isa = PBXFileReference; lastKnownFileType = text.plist.xml; path = Info.plist; sourceTree = "<group>"; };
/* End PBXFileReference section */

/* Begin PBXFrameworksBuildPhase section */
		AC6B5DAD1F98559C00545DDD /* Frameworks */ = {
			isa = PBXFrameworksBuildPhase;
			buildActionMask = 2147483647;
			files = (
			);
			runOnlyForDeploymentPostprocessing = 0;
		};
		ACB8EFB71F97187000A53733 /* Frameworks */ = {
			isa = PBXFrameworksBuildPhase;
			buildActionMask = 2147483647;
			files = (
			);
			runOnlyForDeploymentPostprocessing = 0;
		};
/* End PBXFrameworksBuildPhase section */

/* Begin PBXGroup section */
		AC2D75A11F9721AD004DDC5E /* Views */ = {
			isa = PBXGroup;
			children = (
				AC9872571F97F0EB005DD35E /* CurrencyTxtField.swift */,
			);
			name = Views;
			sourceTree = "<group>";
		};
		AC6AD42E1F972020005B0BA2 /* Controller */ = {
			isa = PBXGroup;
			children = (
				ACB8EFBF1F97187000A53733 /* ViewController.swift */,
			);
			name = Controller;
			sourceTree = "<group>";
		};
		AC6B5DB11F98559D00545DDD /* Window-Shop-StalkerTests */ = {
			isa = PBXGroup;
			children = (
				AC6B5DB21F98559D00545DDD /* Window_Shop_StalkerTests.swift */,
				AC6B5DB41F98559E00545DDD /* Info.plist */,
			);
			path = "Window-Shop-StalkerTests";
			sourceTree = "<group>";
		};
		AC6B5DBA1F9855AC00545DDD /* Model */ = {
			isa = PBXGroup;
			children = (
				AC6B5DBB1F9855D900545DDD /* wage.swift */,
			);
			name = Model;
			sourceTree = "<group>";
		};
		ACB8EFB11F97187000A53733 = {
			isa = PBXGroup;
			children = (
				ACB8EFBC1F97187000A53733 /* Window-Shop-Stalker */,
				AC6B5DB11F98559D00545DDD /* Window-Shop-StalkerTests */,
				ACB8EFBB1F97187000A53733 /* Products */,
			);
			sourceTree = "<group>";
		};
		ACB8EFBB1F97187000A53733 /* Products */ = {
			isa = PBXGroup;
			children = (
				ACB8EFBA1F97187000A53733 /* Window-Shop-Stalker.app */,
				AC6B5DB01F98559C00545DDD /* Window-Shop-StalkerTests.xctest */,
			);
			name = Products;
			sourceTree = "<group>";
		};
		ACB8EFBC1F97187000A53733 /* Window-Shop-Stalker */ = {
			isa = PBXGroup;
			children = (
				AC6B5DBA1F9855AC00545DDD /* Model */,
				AC2D75A11F9721AD004DDC5E /* Views */,
				AC6AD42E1F972020005B0BA2 /* Controller */,
				ACB8EFBD1F97187000A53733 /* AppDelegate.swift */,
				ACB8EFC11F97187000A53733 /* Main.storyboard */,
				ACB8EFC41F97187000A53733 /* Assets.xcassets */,
				ACB8EFC61F97187000A53733 /* LaunchScreen.storyboard */,
				ACB8EFC91F97187000A53733 /* Info.plist */,
			);
			path = "Window-Shop-Stalker";
			sourceTree = "<group>";
		};
/* End PBXGroup section */

/* Begin PBXNativeTarget section */
		AC6B5DAF1F98559C00545DDD /* Window-Shop-StalkerTests */ = {
			isa = PBXNativeTarget;
			buildConfigurationList = AC6B5DB71F98559E00545DDD /* Build configuration list for PBXNativeTarget "Window-Shop-StalkerTests" */;
			buildPhases = (
				AC6B5DAC1F98559C00545DDD /* Sources */,
				AC6B5DAD1F98559C00545DDD /* Frameworks */,
				AC6B5DAE1F98559C00545DDD /* Resources */,
			);
			buildRules = (
			);
			dependencies = (
				AC6B5DB61F98559E00545DDD /* PBXTargetDependency */,
			);
			name = "Window-Shop-StalkerTests";
			productName = "Window-Shop-StalkerTests";
			productReference = AC6B5DB01F98559C00545DDD /* Window-Shop-StalkerTests.xctest */;
			productType = "com.apple.product-type.bundle.unit-test";
		};
		ACB8EFB91F97187000A53733 /* Window-Shop-Stalker */ = {
			isa = PBXNativeTarget;
			buildConfigurationList = ACB8EFCC1F97187000A53733 /* Build configuration list for PBXNativeTarget "Window-Shop-Stalker" */;
			buildPhases = (
				ACB8EFB61F97187000A53733 /* Sources */,
				ACB8EFB71F97187000A53733 /* Frameworks */,
				ACB8EFB81F97187000A53733 /* Resources */,
				AC6B5DAB1F9854BE00545DDD /* Embed App Extensions */,
			);
			buildRules = (
			);
			dependencies = (
			);
			name = "Window-Shop-Stalker";
			productName = "Window-Shop-Stalker";
			productReference = ACB8EFBA1F97187000A53733 /* Window-Shop-Stalker.app */;
			productType = "com.apple.product-type.application";
		};
/* End PBXNativeTarget section */

/* Begin PBXProject section */
		ACB8EFB21F97187000A53733 /* Project object */ = {
			isa = PBXProject;
			attributes = {
				LastSwiftUpdateCheck = 0910;
				LastUpgradeCheck = 0830;
				ORGANIZATIONNAME = "Quinton Quaye";
				TargetAttributes = {
					AC6B5DAF1F98559C00545DDD = {
						CreatedOnToolsVersion = 9.1;
						DevelopmentTeam = 4JD3TEP8Z6;
						ProvisioningStyle = Automatic;
						TestTargetID = ACB8EFB91F97187000A53733;
					};
					ACB8EFB91F97187000A53733 = {
						CreatedOnToolsVersion = 8.3;
						DevelopmentTeam = 4JD3TEP8Z6;
						ProvisioningStyle = Automatic;
					};
				};
			};
			buildConfigurationList = ACB8EFB51F97187000A53733 /* Build configuration list for PBXProject "Window-Shop-Stalker" */;
			compatibilityVersion = "Xcode 3.2";
			developmentRegion = English;
			hasScannedForEncodings = 0;
			knownRegions = (
				en,
				Base,
			);
			mainGroup = ACB8EFB11F97187000A53733;
			productRefGroup = ACB8EFBB1F97187000A53733 /* Products */;
			projectDirPath = "";
			projectRoot = "";
			targets = (
				ACB8EFB91F97187000A53733 /* Window-Shop-Stalker */,
				AC6B5DAF1F98559C00545DDD /* Window-Shop-StalkerTests */,
			);
		};
/* End PBXProject section */

/* Begin PBXResourcesBuildPhase section */
		AC6B5DAE1F98559C00545DDD /* Resources */ = {
			isa = PBXResourcesBuildPhase;
			buildActionMask = 2147483647;
			files = (
			);
			runOnlyForDeploymentPostprocessing = 0;
		};
		ACB8EFB81F97187000A53733 /* Resources */ = {
			isa = PBXResourcesBuildPhase;
			buildActionMask = 2147483647;
			files = (
				ACB8EFC81F97187000A53733 /* LaunchScreen.storyboard in Resources */,
				ACB8EFC51F97187000A53733 /* Assets.xcassets in Resources */,
				ACB8EFC31F97187000A53733 /* Main.storyboard in Resources */,
			);
			runOnlyForDeploymentPostprocessing = 0;
		};
/* End PBXResourcesBuildPhase section */

/* Begin PBXSourcesBuildPhase section */
		AC6B5DAC1F98559C00545DDD /* Sources */ = {
			isa = PBXSourcesBuildPhase;
			buildActionMask = 2147483647;
			files = (
				AC6B5DB31F98559D00545DDD /* Window_Shop_StalkerTests.swift in Sources */,
				AC6B5DBE1F9857B300545DDD /* wage.swift in Sources */,
			);
			runOnlyForDeploymentPostprocessing = 0;
		};
		ACB8EFB61F97187000A53733 /* Sources */ = {
			isa = PBXSourcesBuildPhase;
			buildActionMask = 2147483647;
			files = (
				AC9872581F97F0EB005DD35E /* CurrencyTxtField.swift in Sources */,
				AC6B5DBC1F9855D900545DDD /* wage.swift in Sources */,
				ACB8EFC01F97187000A53733 /* ViewController.swift in Sources */,
				ACB8EFBE1F97187000A53733 /* AppDelegate.swift in Sources */,
			);
			runOnlyForDeploymentPostprocessing = 0;
		};
/* End PBXSourcesBuildPhase section */

/* Begin PBXTargetDependency section */
		AC6B5DB61F98559E00545DDD /* PBXTargetDependency */ = {
			isa = PBXTargetDependency;
			target = ACB8EFB91F97187000A53733 /* Window-Shop-Stalker */;
			targetProxy = AC6B5DB51F98559E00545DDD /* PBXContainerItemProxy */;
		};
/* End PBXTargetDependency section */

/* Begin PBXVariantGroup section */
		ACB8EFC11F97187000A53733 /* Main.storyboard */ = {
			isa = PBXVariantGroup;
			children = (
				ACB8EFC21F97187000A53733 /* Base */,
			);
			name = Main.storyboard;
			sourceTree = "<group>";
		};
		ACB8EFC61F97187000A53733 /* LaunchScreen.storyboard */ = {
			isa = PBXVariantGroup;
			children = (
				ACB8EFC71F97187000A53733 /* Base */,
			);
			name = LaunchScreen.storyboard;
			sourceTree = "<group>";
		};
/* End PBXVariantGroup section */

/* Begin XCBuildConfiguration section */
		AC6B5DB81F98559E00545DDD /* Debug */ = {
			isa = XCBuildConfiguration;
			buildSettings = {
				BUNDLE_LOADER = "$(TEST_HOST)";
				CLANG_CXX_LANGUAGE_STANDARD = "gnu++14";
				CLANG_WARN_BLOCK_CAPTURE_AUTORELEASING = YES;
				CLANG_WARN_COMMA = YES;
				CLANG_WARN_NON_LITERAL_NULL_CONVERSION = YES;
				CLANG_WARN_OBJC_LITERAL_CONVERSION = YES;
				CLANG_WARN_RANGE_LOOP_ANALYSIS = YES;
				CLANG_WARN_STRICT_PROTOTYPES = YES;
				CLANG_WARN_UNGUARDED_AVAILABILITY = YES_AGGRESSIVE;
				CODE_SIGN_IDENTITY = "iPhone Developer";
				CODE_SIGN_STYLE = Automatic;
				DEVELOPMENT_TEAM = 4JD3TEP8Z6;
				GCC_C_LANGUAGE_STANDARD = gnu11;
				INFOPLIST_FILE = "Window-Shop-StalkerTests/Info.plist";
				IPHONEOS_DEPLOYMENT_TARGET = 11.1;
				LD_RUNPATH_SEARCH_PATHS = "$(inherited) @executable_path/Frameworks @loader_path/Frameworks";
				PRODUCT_BUNDLE_IDENTIFIER = "theQ.thePlayAround.Window-Shop-StalkerTests";
				PRODUCT_NAME = "$(TARGET_NAME)";
				SWIFT_VERSION = 4.0;
				TARGETED_DEVICE_FAMILY = "1,2";
				TEST_HOST = "$(BUILT_PRODUCTS_DIR)/Window-Shop-Stalker.app/Window-Shop-Stalker";
			};
			name = Debug;
		};
		AC6B5DB91F98559E00545DDD /* Release */ = {
			isa = XCBuildConfiguration;
			buildSettings = {
				BUNDLE_LOADER = "$(TEST_HOST)";
				CLANG_CXX_LANGUAGE_STANDARD = "gnu++14";
				CLANG_WARN_BLOCK_CAPTURE_AUTORELEASING = YES;
				CLANG_WARN_COMMA = YES;
				CLANG_WARN_NON_LITERAL_NULL_CONVERSION = YES;
				CLANG_WARN_OBJC_LITERAL_CONVERSION = YES;
				CLANG_WARN_RANGE_LOOP_ANALYSIS = YES;
				CLANG_WARN_STRICT_PROTOTYPES = YES;
				CLANG_WARN_UNGUARDED_AVAILABILITY = YES_AGGRESSIVE;
				CODE_SIGN_IDENTITY = "iPhone Developer";
				CODE_SIGN_STYLE = Automatic;
				DEVELOPMENT_TEAM = 4JD3TEP8Z6;
				GCC_C_LANGUAGE_STANDARD = gnu11;
				INFOPLIST_FILE = "Window-Shop-StalkerTests/Info.plist";
				IPHONEOS_DEPLOYMENT_TARGET = 11.1;
				LD_RUNPATH_SEARCH_PATHS = "$(inherited) @executable_path/Frameworks @loader_path/Frameworks";
				PRODUCT_BUNDLE_IDENTIFIER = "theQ.thePlayAround.Window-Shop-StalkerTests";
				PRODUCT_NAME = "$(TARGET_NAME)";
				SWIFT_VERSION = 4.0;
				TARGETED_DEVICE_FAMILY = "1,2";
				TEST_HOST = "$(BUILT_PRODUCTS_DIR)/Window-Shop-Stalker.app/Window-Shop-Stalker";
			};
			name = Release;
		};
		ACB8EFCA1F97187000A53733 /* Debug */ = {
			isa = XCBuildConfiguration;
			buildSettings = {
				ALWAYS_SEARCH_USER_PATHS = NO;
				CLANG_ANALYZER_NONNULL = YES;
				CLANG_ANALYZER_NUMBER_OBJECT_CONVERSION = YES_AGGRESSIVE;
				CLANG_CXX_LANGUAGE_STANDARD = "gnu++0x";
				CLANG_CXX_LIBRARY = "libc++";
				CLANG_ENABLE_MODULES = YES;
				CLANG_ENABLE_OBJC_ARC = YES;
				CLANG_WARN_BOOL_CONVERSION = YES;
				CLANG_WARN_CONSTANT_CONVERSION = YES;
				CLANG_WARN_DIRECT_OBJC_ISA_USAGE = YES_ERROR;
				CLANG_WARN_DOCUMENTATION_COMMENTS = YES;
				CLANG_WARN_EMPTY_BODY = YES;
				CLANG_WARN_ENUM_CONVERSION = YES;
				CLANG_WARN_INFINITE_RECURSION = YES;
				CLANG_WARN_INT_CONVERSION = YES;
				CLANG_WARN_OBJC_ROOT_CLASS = YES_ERROR;
				CLANG_WARN_SUSPICIOUS_MOVE = YES;
				CLANG_WARN_UNREACHABLE_CODE = YES;
				CLANG_WARN__DUPLICATE_METHOD_MATCH = YES;
				"CODE_SIGN_IDENTITY[sdk=iphoneos*]" = "iPhone Developer";
				COPY_PHASE_STRIP = NO;
				DEBUG_INFORMATION_FORMAT = dwarf;
				ENABLE_STRICT_OBJC_MSGSEND = YES;
				ENABLE_TESTABILITY = YES;
				GCC_C_LANGUAGE_STANDARD = gnu99;
				GCC_DYNAMIC_NO_PIC = NO;
				GCC_NO_COMMON_BLOCKS = YES;
				GCC_OPTIMIZATION_LEVEL = 0;
				GCC_PREPROCESSOR_DEFINITIONS = (
					"DEBUG=1",
					"$(inherited)",
				);
				GCC_WARN_64_TO_32_BIT_CONVERSION = YES;
				GCC_WARN_ABOUT_RETURN_TYPE = YES_ERROR;
				GCC_WARN_UNDECLARED_SELECTOR = YES;
				GCC_WARN_UNINITIALIZED_AUTOS = YES_AGGRESSIVE;
				GCC_WARN_UNUSED_FUNCTION = YES;
				GCC_WARN_UNUSED_VARIABLE = YES;
				IPHONEOS_DEPLOYMENT_TARGET = 10.3;
				MTL_ENABLE_DEBUG_INFO = YES;
				ONLY_ACTIVE_ARCH = YES;
				SDKROOT = iphoneos;
				SWIFT_ACTIVE_COMPILATION_CONDITIONS = DEBUG;
				SWIFT_OPTIMIZATION_LEVEL = "-Onone";
				SWIFT_VERSION = 4.0;
				TARGETED_DEVICE_FAMILY = "1,2";
			};
			name = Debug;
		};
		ACB8EFCB1F97187000A53733 /* Release */ = {
			isa = XCBuildConfiguration;
			buildSettings = {
				ALWAYS_SEARCH_USER_PATHS = NO;
				CLANG_ANALYZER_NONNULL = YES;
				CLANG_ANALYZER_NUMBER_OBJECT_CONVERSION = YES_AGGRESSIVE;
				CLANG_CXX_LANGUAGE_STANDARD = "gnu++0x";
				CLANG_CXX_LIBRARY = "libc++";
				CLANG_ENABLE_MODULES = YES;
				CLANG_ENABLE_OBJC_ARC = YES;
				CLANG_WARN_BOOL_CONVERSION = YES;
				CLANG_WARN_CONSTANT_CONVERSION = YES;
				CLANG_WARN_DIRECT_OBJC_ISA_USAGE = YES_ERROR;
				CLANG_WARN_DOCUMENTATION_COMMENTS = YES;
				CLANG_WARN_EMPTY_BODY = YES;
				CLANG_WARN_ENUM_CONVERSION = YES;
				CLANG_WARN_INFINITE_RECURSION = YES;
				CLANG_WARN_INT_CONVERSION = YES;
				CLANG_WARN_OBJC_ROOT_CLASS = YES_ERROR;
				CLANG_WARN_SUSPICIOUS_MOVE = YES;
				CLANG_WARN_UNREACHABLE_CODE = YES;
				CLANG_WARN__DUPLICATE_METHOD_MATCH = YES;
				"CODE_SIGN_IDENTITY[sdk=iphoneos*]" = "iPhone Developer";
				COPY_PHASE_STRIP = NO;
				DEBUG_INFORMATION_FORMAT = "dwarf-with-dsym";
				ENABLE_NS_ASSERTIONS = NO;
				ENABLE_STRICT_OBJC_MSGSEND = YES;
				GCC_C_LANGUAGE_STANDARD = gnu99;
				GCC_NO_COMMON_BLOCKS = YES;
				GCC_WARN_64_TO_32_BIT_CONVERSION = YES;
				GCC_WARN_ABOUT_RETURN_TYPE = YES_ERROR;
				GCC_WARN_UNDECLARED_SELECTOR = YES;
				GCC_WARN_UNINITIALIZED_AUTOS = YES_AGGRESSIVE;
				GCC_WARN_UNUSED_FUNCTION = YES;
				GCC_WARN_UNUSED_VARIABLE = YES;
				IPHONEOS_DEPLOYMENT_TARGET = 10.3;
				MTL_ENABLE_DEBUG_INFO = NO;
				SDKROOT = iphoneos;
				SWIFT_OPTIMIZATION_LEVEL = "-Owholemodule";
				SWIFT_VERSION = 4.0;
				TARGETED_DEVICE_FAMILY = "1,2";
				VALIDATE_PRODUCT = YES;
			};
			name = Release;
		};
		ACB8EFCD1F97187000A53733 /* Debug */ = {
			isa = XCBuildConfiguration;
			buildSettings = {
				ASSETCATALOG_COMPILER_APPICON_NAME = AppIcon;
				CODE_SIGN_IDENTITY = "iPhone Developer";
				DEVELOPMENT_TEAM = 4JD3TEP8Z6;
				INFOPLIST_FILE = "Window-Shop-Stalker/Info.plist";
				LD_RUNPATH_SEARCH_PATHS = "$(inherited) @executable_path/Frameworks";
				PRODUCT_BUNDLE_IDENTIFIER = "theQ.thePlayAround.Window-Shop-Stalker";
				PRODUCT_NAME = "$(TARGET_NAME)";
				SWIFT_VERSION = 4.0;
			};
			name = Debug;
		};
		ACB8EFCE1F97187000A53733 /* Release */ = {
			isa = XCBuildConfiguration;
			buildSettings = {
				ASSETCATALOG_COMPILER_APPICON_NAME = AppIcon;
				CODE_SIGN_IDENTITY = "iPhone Developer";
				DEVELOPMENT_TEAM = 4JD3TEP8Z6;
				INFOPLIST_FILE = "Window-Shop-Stalker/Info.plist";
				LD_RUNPATH_SEARCH_PATHS = "$(inherited) @executable_path/Frameworks";
				PRODUCT_BUNDLE_IDENTIFIER = "theQ.thePlayAround.Window-Shop-Stalker";
				PRODUCT_NAME = "$(TARGET_NAME)";
				SWIFT_VERSION = 4.0;
			};
			name = Release;
		};
/* End XCBuildConfiguration section */

/* Begin XCConfigurationList section */
		AC6B5DB71F98559E00545DDD /* Build configuration list for PBXNativeTarget "Window-Shop-StalkerTests" */ = {
			isa = XCConfigurationList;
			buildConfigurations = (
				AC6B5DB81F98559E00545DDD /* Debug */,
				AC6B5DB91F98559E00545DDD /* Release */,
			);
			defaultConfigurationIsVisible = 0;
			defaultConfigurationName = Release;
		};
		ACB8EFB51F97187000A53733 /* Build configuration list for PBXProject "Window-Shop-Stalker" */ = {
			isa = XCConfigurationList;
			buildConfigurations = (
				ACB8EFCA1F97187000A53733 /* Debug */,
				ACB8EFCB1F97187000A53733 /* Release */,
			);
			defaultConfigurationIsVisible = 0;
			defaultConfigurationName = Release;
		};
		ACB8EFCC1F97187000A53733 /* Build configuration list for PBXNativeTarget "Window-Shop-Stalker" */ = {
			isa = XCConfigurationList;
			buildConfigurations = (
				ACB8EFCD1F97187000A53733 /* Debug */,
				ACB8EFCE1F97187000A53733 /* Release */,
			);
			defaultConfigurationIsVisible = 0;
			defaultConfigurationName = Release;
		};
/* End XCConfigurationList section */
	};
	rootObject = ACB8EFB21F97187000A53733 /* Project object */;
}
